DEPENDENCIES
  apt (~> 3.0.0)
  sysctl
    path: .
    metadata: true
  sysctl_test
    path: test/cookbooks/sysctl_test
  yum (~> 3.10.0)

GRAPH
  apt (3.0.0)
  compat_resource (12.10.6)
  ohai (4.1.1)
    compat_resource (>= 12.10)
  sysctl (0.8.0)
    ohai (~> 4.0)
  sysctl_test (0.1.0)
    sysctl (>= 0.0.0)
  yum (3.10.0)
